// !$*UTF8*$!
{
	archiveVersion = 1;
	classes = {
	};
	objectVersion = 46;
	objects = {

/* Begin PBXBuildFile section */
		A919200F1BBF0BF30096272E /* UdClient.swift in Sources */ = {isa = PBXBuildFile; fileRef = A919200E1BBF0BF30096272E /* UdClient.swift */; settings = {ASSET_TAGS = (); }; };
		A91920111BBF0C3C0096272E /* UdConvenience.swift in Sources */ = {isa = PBXBuildFile; fileRef = A91920101BBF0C3C0096272E /* UdConvenience.swift */; settings = {ASSET_TAGS = (); }; };
		A91920131BBF19020096272E /* UdConstants.swift in Sources */ = {isa = PBXBuildFile; fileRef = A91920121BBF19020096272E /* UdConstants.swift */; settings = {ASSET_TAGS = (); }; };
		A91920151BBF1F710096272E /* UdUser.swift in Sources */ = {isa = PBXBuildFile; fileRef = A91920141BBF1F710096272E /* UdUser.swift */; settings = {ASSET_TAGS = (); }; };
		A9681DE81BBE9425005F6418 /* AppDelegate.swift in Sources */ = {isa = PBXBuildFile; fileRef = A9681DE71BBE9425005F6418 /* AppDelegate.swift */; };
		A9681DEA1BBE9425005F6418 /* MapViewController.swift in Sources */ = {isa = PBXBuildFile; fileRef = A9681DE91BBE9425005F6418 /* MapViewController.swift */; };
		A9681DEC1BBE9425005F6418 /* ListViewController.swift in Sources */ = {isa = PBXBuildFile; fileRef = A9681DEB1BBE9425005F6418 /* ListViewController.swift */; };
		A9681DEF1BBE9425005F6418 /* Main.storyboard in Resources */ = {isa = PBXBuildFile; fileRef = A9681DED1BBE9425005F6418 /* Main.storyboard */; };
		A9681DF11BBE9425005F6418 /* Assets.xcassets in Resources */ = {isa = PBXBuildFile; fileRef = A9681DF01BBE9425005F6418 /* Assets.xcassets */; };
		A9681DF41BBE9425005F6418 /* LaunchScreen.storyboard in Resources */ = {isa = PBXBuildFile; fileRef = A9681DF21BBE9425005F6418 /* LaunchScreen.storyboard */; };
		A9681E341BBEA22E005F6418 /* OnTheMap_87.png in Resources */ = {isa = PBXBuildFile; fileRef = A9681E251BBEA22E005F6418 /* OnTheMap_87.png */; settings = {ASSET_TAGS = (); }; };
		A9681E351BBEA22E005F6418 /* pin.pdf in Resources */ = {isa = PBXBuildFile; fileRef = A9681E261BBEA22E005F6418 /* pin.pdf */; settings = {ASSET_TAGS = (); }; };
		A9681E361BBEA22E005F6418 /* list.pdf in Resources */ = {isa = PBXBuildFile; fileRef = A9681E271BBEA22E005F6418 /* list.pdf */; settings = {ASSET_TAGS = (); }; };
		A9681E371BBEA22E005F6418 /* udacity.pdf in Resources */ = {isa = PBXBuildFile; fileRef = A9681E281BBEA22E005F6418 /* udacity.pdf */; settings = {ASSET_TAGS = (); }; };
		A9681E381BBEA22E005F6418 /* map.pdf in Resources */ = {isa = PBXBuildFile; fileRef = A9681E291BBEA22E005F6418 /* map.pdf */; settings = {ASSET_TAGS = (); }; };
		A9681E391BBEA22E005F6418 /* OnTheMap_80.png in Resources */ = {isa = PBXBuildFile; fileRef = A9681E2A1BBEA22E005F6418 /* OnTheMap_80.png */; settings = {ASSET_TAGS = (); }; };
		A9681E3A1BBEA22E005F6418 /* OnTheMap_40.png in Resources */ = {isa = PBXBuildFile; fileRef = A9681E2B1BBEA22E005F6418 /* OnTheMap_40.png */; settings = {ASSET_TAGS = (); }; };
		A9681E3B1BBEA22E005F6418 /* OnTheMap_58.png in Resources */ = {isa = PBXBuildFile; fileRef = A9681E2C1BBEA22E005F6418 /* OnTheMap_58.png */; settings = {ASSET_TAGS = (); }; };
		A9681E3C1BBEA22E005F6418 /* OnTheMap_29.png in Resources */ = {isa = PBXBuildFile; fileRef = A9681E2D1BBEA22E005F6418 /* OnTheMap_29.png */; settings = {ASSET_TAGS = (); }; };
		A9681E3D1BBEA22E005F6418 /* OnTheMap_76.png in Resources */ = {isa = PBXBuildFile; fileRef = A9681E2E1BBEA22E005F6418 /* OnTheMap_76.png */; settings = {ASSET_TAGS = (); }; };
		A9681E3E1BBEA22E005F6418 /* OnTheMap_512.png in Resources */ = {isa = PBXBuildFile; fileRef = A9681E2F1BBEA22E005F6418 /* OnTheMap_512.png */; settings = {ASSET_TAGS = (); }; };
		A9681E3F1BBEA22E005F6418 /* OnTheMap_180.png in Resources */ = {isa = PBXBuildFile; fileRef = A9681E301BBEA22E005F6418 /* OnTheMap_180.png */; settings = {ASSET_TAGS = (); }; };
		A9681E401BBEA22E005F6418 /* OnTheMap_152.png in Resources */ = {isa = PBXBuildFile; fileRef = A9681E311BBEA22E005F6418 /* OnTheMap_152.png */; settings = {ASSET_TAGS = (); }; };
		A9681E411BBEA22E005F6418 /* OnTheMap_120.png in Resources */ = {isa = PBXBuildFile; fileRef = A9681E321BBEA22E005F6418 /* OnTheMap_120.png */; settings = {ASSET_TAGS = (); }; };
		A9681E421BBEA22E005F6418 /* OnTheMap_1024.png in Resources */ = {isa = PBXBuildFile; fileRef = A9681E331BBEA22E005F6418 /* OnTheMap_1024.png */; settings = {ASSET_TAGS = (); }; };
		A9681E461BBEA259005F6418 /* Roboto-Medium.ttf in Resources */ = {isa = PBXBuildFile; fileRef = A9681E431BBEA259005F6418 /* Roboto-Medium.ttf */; settings = {ASSET_TAGS = (); }; };
		A9681E471BBEA259005F6418 /* Roboto-Regular.ttf in Resources */ = {isa = PBXBuildFile; fileRef = A9681E441BBEA259005F6418 /* Roboto-Regular.ttf */; settings = {ASSET_TAGS = (); }; };
		A9681E481BBEA259005F6418 /* Roboto-Thin.ttf in Resources */ = {isa = PBXBuildFile; fileRef = A9681E451BBEA259005F6418 /* Roboto-Thin.ttf */; settings = {ASSET_TAGS = (); }; };
		A9681E4A1BBEE91A005F6418 /* LoginViewController.swift in Sources */ = {isa = PBXBuildFile; fileRef = A9681E491BBEE91A005F6418 /* LoginViewController.swift */; settings = {ASSET_TAGS = (); }; };
		A9A277FE1BC30A9E00E0CB02 /* BorderedButton.swift in Sources */ = {isa = PBXBuildFile; fileRef = A9A277FD1BC30A9E00E0CB02 /* BorderedButton.swift */; settings = {ASSET_TAGS = (); }; };
		A9E09DE91BC2C17C00F80A38 /* TabBarController.swift in Sources */ = {isa = PBXBuildFile; fileRef = A9E09DE81BC2C17C00F80A38 /* TabBarController.swift */; settings = {ASSET_TAGS = (); }; };
		A9E09DEB1BC2C42E00F80A38 /* StudentLocationController.swift in Sources */ = {isa = PBXBuildFile; fileRef = A9E09DEA1BC2C42E00F80A38 /* StudentLocationController.swift */; settings = {ASSET_TAGS = (); }; };
		A9F477FB1BC1602800751D58 /* StudentLocation.swift in Sources */ = {isa = PBXBuildFile; fileRef = A9F477FA1BC1602800751D58 /* StudentLocation.swift */; settings = {ASSET_TAGS = (); }; };
		A9F477FD1BC1603F00751D58 /* ParseClient.swift in Sources */ = {isa = PBXBuildFile; fileRef = A9F477FC1BC1603F00751D58 /* ParseClient.swift */; settings = {ASSET_TAGS = (); }; };
		A9F477FF1BC1606000751D58 /* ParseConstants.swift in Sources */ = {isa = PBXBuildFile; fileRef = A9F477FE1BC1606000751D58 /* ParseConstants.swift */; settings = {ASSET_TAGS = (); }; };
		A9F478011BC1607C00751D58 /* ParseConvenience.swift in Sources */ = {isa = PBXBuildFile; fileRef = A9F478001BC1607C00751D58 /* ParseConvenience.swift */; settings = {ASSET_TAGS = (); }; };
/* End PBXBuildFile section */

/* Begin PBXFileReference section */
		A919200E1BBF0BF30096272E /* UdClient.swift */ = {isa = PBXFileReference; fileEncoding = 4; lastKnownFileType = sourcecode.swift; path = UdClient.swift; sourceTree = "<group>"; };
		A91920101BBF0C3C0096272E /* UdConvenience.swift */ = {isa = PBXFileReference; fileEncoding = 4; lastKnownFileType = sourcecode.swift; path = UdConvenience.swift; sourceTree = "<group>"; };
		A91920121BBF19020096272E /* UdConstants.swift */ = {isa = PBXFileReference; fileEncoding = 4; lastKnownFileType = sourcecode.swift; path = UdConstants.swift; sourceTree = "<group>"; };
		A91920141BBF1F710096272E /* UdUser.swift */ = {isa = PBXFileReference; fileEncoding = 4; lastKnownFileType = sourcecode.swift; path = UdUser.swift; sourceTree = "<group>"; };
		A9681DE41BBE9425005F6418 /* OnTheMap.app */ = {isa = PBXFileReference; explicitFileType = wrapper.application; includeInIndex = 0; path = OnTheMap.app; sourceTree = BUILT_PRODUCTS_DIR; };
		A9681DE71BBE9425005F6418 /* AppDelegate.swift */ = {isa = PBXFileReference; lastKnownFileType = sourcecode.swift; path = AppDelegate.swift; sourceTree = "<group>"; };
		A9681DE91BBE9425005F6418 /* MapViewController.swift */ = {isa = PBXFileReference; lastKnownFileType = sourcecode.swift; path = MapViewController.swift; sourceTree = "<group>"; };
		A9681DEB1BBE9425005F6418 /* ListViewController.swift */ = {isa = PBXFileReference; lastKnownFileType = sourcecode.swift; path = ListViewController.swift; sourceTree = "<group>"; };
		A9681DEE1BBE9425005F6418 /* Base */ = {isa = PBXFileReference; lastKnownFileType = file.storyboard; name = Base; path = Base.lproj/Main.storyboard; sourceTree = "<group>"; };
		A9681DF01BBE9425005F6418 /* Assets.xcassets */ = {isa = PBXFileReference; lastKnownFileType = folder.assetcatalog; path = Assets.xcassets; sourceTree = "<group>"; };
		A9681DF31BBE9425005F6418 /* Base */ = {isa = PBXFileReference; lastKnownFileType = file.storyboard; name = Base; path = Base.lproj/LaunchScreen.storyboard; sourceTree = "<group>"; };
		A9681DF51BBE9425005F6418 /* Info.plist */ = {isa = PBXFileReference; lastKnownFileType = text.plist.xml; path = Info.plist; sourceTree = "<group>"; };
		A9681E251BBEA22E005F6418 /* OnTheMap_87.png */ = {isa = PBXFileReference; lastKnownFileType = image.png; name = OnTheMap_87.png; path = Images/OnTheMap_87.png; sourceTree = "<group>"; };
		A9681E261BBEA22E005F6418 /* pin.pdf */ = {isa = PBXFileReference; lastKnownFileType = image.pdf; name = pin.pdf; path = Images/pin.pdf; sourceTree = "<group>"; };
		A9681E271BBEA22E005F6418 /* list.pdf */ = {isa = PBXFileReference; lastKnownFileType = image.pdf; name = list.pdf; path = Images/list.pdf; sourceTree = "<group>"; };
		A9681E281BBEA22E005F6418 /* udacity.pdf */ = {isa = PBXFileReference; lastKnownFileType = image.pdf; name = udacity.pdf; path = Images/udacity.pdf; sourceTree = "<group>"; };
		A9681E291BBEA22E005F6418 /* map.pdf */ = {isa = PBXFileReference; lastKnownFileType = image.pdf; name = map.pdf; path = Images/map.pdf; sourceTree = "<group>"; };
		A9681E2A1BBEA22E005F6418 /* OnTheMap_80.png */ = {isa = PBXFileReference; lastKnownFileType = image.png; name = OnTheMap_80.png; path = Images/OnTheMap_80.png; sourceTree = "<group>"; };
		A9681E2B1BBEA22E005F6418 /* OnTheMap_40.png */ = {isa = PBXFileReference; lastKnownFileType = image.png; name = OnTheMap_40.png; path = Images/OnTheMap_40.png; sourceTree = "<group>"; };
		A9681E2C1BBEA22E005F6418 /* OnTheMap_58.png */ = {isa = PBXFileReference; lastKnownFileType = image.png; name = OnTheMap_58.png; path = Images/OnTheMap_58.png; sourceTree = "<group>"; };
		A9681E2D1BBEA22E005F6418 /* OnTheMap_29.png */ = {isa = PBXFileReference; lastKnownFileType = image.png; name = OnTheMap_29.png; path = Images/OnTheMap_29.png; sourceTree = "<group>"; };
		A9681E2E1BBEA22E005F6418 /* OnTheMap_76.png */ = {isa = PBXFileReference; lastKnownFileType = image.png; name = OnTheMap_76.png; path = Images/OnTheMap_76.png; sourceTree = "<group>"; };
		A9681E2F1BBEA22E005F6418 /* OnTheMap_512.png */ = {isa = PBXFileReference; lastKnownFileType = image.png; name = OnTheMap_512.png; path = Images/OnTheMap_512.png; sourceTree = "<group>"; };
		A9681E301BBEA22E005F6418 /* OnTheMap_180.png */ = {isa = PBXFileReference; lastKnownFileType = image.png; name = OnTheMap_180.png; path = Images/OnTheMap_180.png; sourceTree = "<group>"; };
		A9681E311BBEA22E005F6418 /* OnTheMap_152.png */ = {isa = PBXFileReference; lastKnownFileType = image.png; name = OnTheMap_152.png; path = Images/OnTheMap_152.png; sourceTree = "<group>"; };
		A9681E321BBEA22E005F6418 /* OnTheMap_120.png */ = {isa = PBXFileReference; lastKnownFileType = image.png; name = OnTheMap_120.png; path = Images/OnTheMap_120.png; sourceTree = "<group>"; };
		A9681E331BBEA22E005F6418 /* OnTheMap_1024.png */ = {isa = PBXFileReference; lastKnownFileType = image.png; name = OnTheMap_1024.png; path = Images/OnTheMap_1024.png; sourceTree = "<group>"; };
		A9681E431BBEA259005F6418 /* Roboto-Medium.ttf */ = {isa = PBXFileReference; lastKnownFileType = file; name = "Roboto-Medium.ttf"; path = "Fonts/Roboto-Medium.ttf"; sourceTree = "<group>"; };
		A9681E441BBEA259005F6418 /* Roboto-Regular.ttf */ = {isa = PBXFileReference; lastKnownFileType = file; name = "Roboto-Regular.ttf"; path = "Fonts/Roboto-Regular.ttf"; sourceTree = "<group>"; };
		A9681E451BBEA259005F6418 /* Roboto-Thin.ttf */ = {isa = PBXFileReference; lastKnownFileType = file; name = "Roboto-Thin.ttf"; path = "Fonts/Roboto-Thin.ttf"; sourceTree = "<group>"; };
		A9681E491BBEE91A005F6418 /* LoginViewController.swift */ = {isa = PBXFileReference; fileEncoding = 4; lastKnownFileType = sourcecode.swift; path = LoginViewController.swift; sourceTree = "<group>"; };
		A9A277FD1BC30A9E00E0CB02 /* BorderedButton.swift */ = {isa = PBXFileReference; fileEncoding = 4; lastKnownFileType = sourcecode.swift; path = BorderedButton.swift; sourceTree = "<group>"; };
		A9E09DE81BC2C17C00F80A38 /* TabBarController.swift */ = {isa = PBXFileReference; fileEncoding = 4; lastKnownFileType = sourcecode.swift; path = TabBarController.swift; sourceTree = "<group>"; };
		A9E09DEA1BC2C42E00F80A38 /* StudentLocationController.swift */ = {isa = PBXFileReference; fileEncoding = 4; lastKnownFileType = sourcecode.swift; path = StudentLocationController.swift; sourceTree = "<group>"; };
		A9F477FA1BC1602800751D58 /* StudentLocation.swift */ = {isa = PBXFileReference; fileEncoding = 4; lastKnownFileType = sourcecode.swift; path = StudentLocation.swift; sourceTree = "<group>"; };
		A9F477FC1BC1603F00751D58 /* ParseClient.swift */ = {isa = PBXFileReference; fileEncoding = 4; lastKnownFileType = sourcecode.swift; path = ParseClient.swift; sourceTree = "<group>"; };
		A9F477FE1BC1606000751D58 /* ParseConstants.swift */ = {isa = PBXFileReference; fileEncoding = 4; lastKnownFileType = sourcecode.swift; path = ParseConstants.swift; sourceTree = "<group>"; };
		A9F478001BC1607C00751D58 /* ParseConvenience.swift */ = {isa = PBXFileReference; fileEncoding = 4; lastKnownFileType = sourcecode.swift; path = ParseConvenience.swift; sourceTree = "<group>"; };
/* End PBXFileReference section */

/* Begin PBXFrameworksBuildPhase section */
		A9681DE11BBE9425005F6418 /* Frameworks */ = {
			isa = PBXFrameworksBuildPhase;
			buildActionMask = 2147483647;
			files = (
			);
			runOnlyForDeploymentPostprocessing = 0;
		};
/* End PBXFrameworksBuildPhase section */

/* Begin PBXGroup section */
		A919200D1BBF0BC00096272E /* Udacity */ = {
			isa = PBXGroup;
			children = (
				A919200E1BBF0BF30096272E /* UdClient.swift */,
				A91920121BBF19020096272E /* UdConstants.swift */,
				A91920101BBF0C3C0096272E /* UdConvenience.swift */,
				A91920141BBF1F710096272E /* UdUser.swift */,
			);
			name = Udacity;
			sourceTree = "<group>";
		};
		A91920161BBFEB5F0096272E /* Utility */ = {
			isa = PBXGroup;
			children = (
			);
			name = Utility;
			sourceTree = "<group>";
		};
		A9681DDB1BBE9425005F6418 = {
			isa = PBXGroup;
			children = (
				A9681DE61BBE9425005F6418 /* OnTheMap */,
				A9681DE51BBE9425005F6418 /* Products */,
			);
			sourceTree = "<group>";
		};
		A9681DE51BBE9425005F6418 /* Products */ = {
			isa = PBXGroup;
			children = (
				A9681DE41BBE9425005F6418 /* OnTheMap.app */,
			);
			name = Products;
			sourceTree = "<group>";
		};
		A9681DE61BBE9425005F6418 /* OnTheMap */ = {
			isa = PBXGroup;
			children = (
				A9681DE71BBE9425005F6418 /* AppDelegate.swift */,
				A9681E1D1BBE9BD9005F6418 /* Model */,
				A9681E1F1BBE9C00005F6418 /* View */,
				A9681E201BBE9C19005F6418 /* Controller */,
				A91920161BBFEB5F0096272E /* Utility */,
				A9681DED1BBE9425005F6418 /* Main.storyboard */,
				A9681DF21BBE9425005F6418 /* LaunchScreen.storyboard */,
				A9681E221BBE9C8B005F6418 /* Assets */,
				A9681E211BBE9C75005F6418 /* Supporting Files */,
			);
			path = OnTheMap;
			sourceTree = "<group>";
		};
		A9681E1D1BBE9BD9005F6418 /* Model */ = {
			isa = PBXGroup;
			children = (
				A9B579331BC31C5300E8BD2A /* StudentLocation */,
				A9681E1E1BBE9BE7005F6418 /* Clients */,
			);
			name = Model;
			sourceTree = "<group>";
		};
		A9681E1E1BBE9BE7005F6418 /* Clients */ = {
			isa = PBXGroup;
			children = (
				A919200D1BBF0BC00096272E /* Udacity */,
				A99C7AED1BBFF71A00C974C9 /* Parse */,
			);
			name = Clients;
			sourceTree = "<group>";
		};
		A9681E1F1BBE9C00005F6418 /* View */ = {
			isa = PBXGroup;
			children = (
				A9A277FD1BC30A9E00E0CB02 /* BorderedButton.swift */,
			);
			name = View;
			sourceTree = "<group>";
		};
		A9681E201BBE9C19005F6418 /* Controller */ = {
			isa = PBXGroup;
			children = (
				A9E09DEA1BC2C42E00F80A38 /* StudentLocationController.swift */,
				A9681DEB1BBE9425005F6418 /* ListViewController.swift */,
				A9681DE91BBE9425005F6418 /* MapViewController.swift */,
				A9681E491BBEE91A005F6418 /* LoginViewController.swift */,
				A9E09DE81BC2C17C00F80A38 /* TabBarController.swift */,
			);
			name = Controller;
			sourceTree = "<group>";
		};
		A9681E211BBE9C75005F6418 /* Supporting Files */ = {
			isa = PBXGroup;
			children = (
				A9681DF51BBE9425005F6418 /* Info.plist */,
			);
			name = "Supporting Files";
			sourceTree = "<group>";
		};
		A9681E221BBE9C8B005F6418 /* Assets */ = {
			isa = PBXGroup;
			children = (
				A9681E241BBEA1CF005F6418 /* Fonts */,
				A9681E231BBE9D11005F6418 /* Images */,
				A9681DF01BBE9425005F6418 /* Assets.xcassets */,
			);
			name = Assets;
			sourceTree = "<group>";
		};
		A9681E231BBE9D11005F6418 /* Images */ = {
			isa = PBXGroup;
			children = (
				A9681E251BBEA22E005F6418 /* OnTheMap_87.png */,
				A9681E261BBEA22E005F6418 /* pin.pdf */,
				A9681E271BBEA22E005F6418 /* list.pdf */,
				A9681E281BBEA22E005F6418 /* udacity.pdf */,
				A9681E291BBEA22E005F6418 /* map.pdf */,
				A9681E2A1BBEA22E005F6418 /* OnTheMap_80.png */,
				A9681E2B1BBEA22E005F6418 /* OnTheMap_40.png */,
				A9681E2C1BBEA22E005F6418 /* OnTheMap_58.png */,
				A9681E2D1BBEA22E005F6418 /* OnTheMap_29.png */,
				A9681E2E1BBEA22E005F6418 /* OnTheMap_76.png */,
				A9681E2F1BBEA22E005F6418 /* OnTheMap_512.png */,
				A9681E301BBEA22E005F6418 /* OnTheMap_180.png */,
				A9681E311BBEA22E005F6418 /* OnTheMap_152.png */,
				A9681E321BBEA22E005F6418 /* OnTheMap_120.png */,
				A9681E331BBEA22E005F6418 /* OnTheMap_1024.png */,
			);
			name = Images;
			sourceTree = "<group>";
		};
		A9681E241BBEA1CF005F6418 /* Fonts */ = {
			isa = PBXGroup;
			children = (
				A9681E431BBEA259005F6418 /* Roboto-Medium.ttf */,
				A9681E441BBEA259005F6418 /* Roboto-Regular.ttf */,
				A9681E451BBEA259005F6418 /* Roboto-Thin.ttf */,
			);
			name = Fonts;
			sourceTree = "<group>";
		};
		A99C7AED1BBFF71A00C974C9 /* Parse */ = {
			isa = PBXGroup;
			children = (
				A9F477FC1BC1603F00751D58 /* ParseClient.swift */,
				A9F477FE1BC1606000751D58 /* ParseConstants.swift */,
				A9F478001BC1607C00751D58 /* ParseConvenience.swift */,
			);
			name = Parse;
			sourceTree = "<group>";
		};
		A9B579331BC31C5300E8BD2A /* StudentLocation */ = {
			isa = PBXGroup;
			children = (
				A9F477FA1BC1602800751D58 /* StudentLocation.swift */,
			);
			name = StudentLocation;
			sourceTree = "<group>";
		};
/* End PBXGroup section */

/* Begin PBXNativeTarget section */
		A9681DE31BBE9425005F6418 /* OnTheMap */ = {
			isa = PBXNativeTarget;
			buildConfigurationList = A9681DF81BBE9425005F6418 /* Build configuration list for PBXNativeTarget "OnTheMap" */;
			buildPhases = (
				A9681DE01BBE9425005F6418 /* Sources */,
				A9681DE11BBE9425005F6418 /* Frameworks */,
				A9681DE21BBE9425005F6418 /* Resources */,
			);
			buildRules = (
			);
			dependencies = (
			);
			name = OnTheMap;
			productName = OnTheMap;
			productReference = A9681DE41BBE9425005F6418 /* OnTheMap.app */;
			productType = "com.apple.product-type.application";
		};
/* End PBXNativeTarget section */

/* Begin PBXProject section */
		A9681DDC1BBE9425005F6418 /* Project object */ = {
			isa = PBXProject;
			attributes = {
				LastUpgradeCheck = 0700;
				ORGANIZATIONNAME = "Ludocrous Software";
				TargetAttributes = {
					A9681DE31BBE9425005F6418 = {
						CreatedOnToolsVersion = 7.0.1;
					};
				};
			};
			buildConfigurationList = A9681DDF1BBE9425005F6418 /* Build configuration list for PBXProject "OnTheMap" */;
			compatibilityVersion = "Xcode 3.2";
			developmentRegion = English;
			hasScannedForEncodings = 0;
			knownRegions = (
				en,
				Base,
			);
			mainGroup = A9681DDB1BBE9425005F6418;
			productRefGroup = A9681DE51BBE9425005F6418 /* Products */;
			projectDirPath = "";
			projectRoot = "";
			targets = (
				A9681DE31BBE9425005F6418 /* OnTheMap */,
			);
		};
/* End PBXProject section */

/* Begin PBXResourcesBuildPhase section */
		A9681DE21BBE9425005F6418 /* Resources */ = {
			isa = PBXResourcesBuildPhase;
			buildActionMask = 2147483647;
			files = (
				A9681E411BBEA22E005F6418 /* OnTheMap_120.png in Resources */,
				A9681E341BBEA22E005F6418 /* OnTheMap_87.png in Resources */,
				A9681E471BBEA259005F6418 /* Roboto-Regular.ttf in Resources */,
				A9681DF41BBE9425005F6418 /* LaunchScreen.storyboard in Resources */,
				A9681E361BBEA22E005F6418 /* list.pdf in Resources */,
				A9681E421BBEA22E005F6418 /* OnTheMap_1024.png in Resources */,
				A9681DF11BBE9425005F6418 /* Assets.xcassets in Resources */,
				A9681E3E1BBEA22E005F6418 /* OnTheMap_512.png in Resources */,
				A9681E3C1BBEA22E005F6418 /* OnTheMap_29.png in Resources */,
				A9681E401BBEA22E005F6418 /* OnTheMap_152.png in Resources */,
				A9681E461BBEA259005F6418 /* Roboto-Medium.ttf in Resources */,
				A9681E3B1BBEA22E005F6418 /* OnTheMap_58.png in Resources */,
				A9681E391BBEA22E005F6418 /* OnTheMap_80.png in Resources */,
				A9681E3A1BBEA22E005F6418 /* OnTheMap_40.png in Resources */,
				A9681E481BBEA259005F6418 /* Roboto-Thin.ttf in Resources */,
				A9681DEF1BBE9425005F6418 /* Main.storyboard in Resources */,
				A9681E3F1BBEA22E005F6418 /* OnTheMap_180.png in Resources */,
				A9681E381BBEA22E005F6418 /* map.pdf in Resources */,
				A9681E371BBEA22E005F6418 /* udacity.pdf in Resources */,
				A9681E351BBEA22E005F6418 /* pin.pdf in Resources */,
				A9681E3D1BBEA22E005F6418 /* OnTheMap_76.png in Resources */,
			);
			runOnlyForDeploymentPostprocessing = 0;
		};
/* End PBXResourcesBuildPhase section */

/* Begin PBXSourcesBuildPhase section */
		A9681DE01BBE9425005F6418 /* Sources */ = {
			isa = PBXSourcesBuildPhase;
			buildActionMask = 2147483647;
			files = (
				A91920111BBF0C3C0096272E /* UdConvenience.swift in Sources */,
				A9E09DE91BC2C17C00F80A38 /* TabBarController.swift in Sources */,
				A9F478011BC1607C00751D58 /* ParseConvenience.swift in Sources */,
				A9681E4A1BBEE91A005F6418 /* LoginViewController.swift in Sources */,
				A9E09DEB1BC2C42E00F80A38 /* StudentLocationController.swift in Sources */,
				A9A277FE1BC30A9E00E0CB02 /* BorderedButton.swift in Sources */,
				A9F477FF1BC1606000751D58 /* ParseConstants.swift in Sources */,
				A919200F1BBF0BF30096272E /* UdClient.swift in Sources */,
				A9681DEC1BBE9425005F6418 /* ListViewController.swift in Sources */,
				A9681DE81BBE9425005F6418 /* AppDelegate.swift in Sources */,
				A91920131BBF19020096272E /* UdConstants.swift in Sources */,
				A9F477FD1BC1603F00751D58 /* ParseClient.swift in Sources */,
				A9681DEA1BBE9425005F6418 /* MapViewController.swift in Sources */,
				A91920151BBF1F710096272E /* UdUser.swift in Sources */,
				A9F477FB1BC1602800751D58 /* StudentLocation.swift in Sources */,
			);
			runOnlyForDeploymentPostprocessing = 0;
		};
/* End PBXSourcesBuildPhase section */

/* Begin PBXVariantGroup section */
		A9681DED1BBE9425005F6418 /* Main.storyboard */ = {
			isa = PBXVariantGroup;
			children = (
				A9681DEE1BBE9425005F6418 /* Base */,
			);
			name = Main.storyboard;
			sourceTree = "<group>";
		};
		A9681DF21BBE9425005F6418 /* LaunchScreen.storyboard */ = {
			isa = PBXVariantGroup;
			children = (
				A9681DF31BBE9425005F6418 /* Base */,
			);
			name = LaunchScreen.storyboard;
			sourceTree = "<group>";
		};
/* End PBXVariantGroup section */

/* Begin XCBuildConfiguration section */
		A9681DF61BBE9425005F6418 /* Debug */ = {
			isa = XCBuildConfiguration;
			buildSettings = {
				ALWAYS_SEARCH_USER_PATHS = NO;
				CLANG_CXX_LANGUAGE_STANDARD = "gnu++0x";
				CLANG_CXX_LIBRARY = "libc++";
				CLANG_ENABLE_MODULES = YES;
				CLANG_ENABLE_OBJC_ARC = YES;
				CLANG_WARN_BOOL_CONVERSION = YES;
				CLANG_WARN_CONSTANT_CONVERSION = YES;
				CLANG_WARN_DIRECT_OBJC_ISA_USAGE = YES_ERROR;
				CLANG_WARN_EMPTY_BODY = YES;
				CLANG_WARN_ENUM_CONVERSION = YES;
				CLANG_WARN_INT_CONVERSION = YES;
				CLANG_WARN_OBJC_ROOT_CLASS = YES_ERROR;
				CLANG_WARN_UNREACHABLE_CODE = YES;
				CLANG_WARN__DUPLICATE_METHOD_MATCH = YES;
				"CODE_SIGN_IDENTITY[sdk=iphoneos*]" = "iPhone Developer";
				COPY_PHASE_STRIP = NO;
				DEBUG_INFORMATION_FORMAT = dwarf;
				ENABLE_STRICT_OBJC_MSGSEND = YES;
				ENABLE_TESTABILITY = YES;
				GCC_C_LANGUAGE_STANDARD = gnu99;
				GCC_DYNAMIC_NO_PIC = NO;
				GCC_NO_COMMON_BLOCKS = YES;
				GCC_OPTIMIZATION_LEVEL = 0;
				GCC_PREPROCESSOR_DEFINITIONS = (
					"DEBUG=1",
					"$(inherited)",
				);
				GCC_WARN_64_TO_32_BIT_CONVERSION = YES;
				GCC_WARN_ABOUT_RETURN_TYPE = YES_ERROR;
				GCC_WARN_UNDECLARED_SELECTOR = YES;
				GCC_WARN_UNINITIALIZED_AUTOS = YES_AGGRESSIVE;
				GCC_WARN_UNUSED_FUNCTION = YES;
				GCC_WARN_UNUSED_VARIABLE = YES;
				IPHONEOS_DEPLOYMENT_TARGET = 9.0;
				MTL_ENABLE_DEBUG_INFO = YES;
				ONLY_ACTIVE_ARCH = YES;
				SDKROOT = iphoneos;
				SWIFT_OPTIMIZATION_LEVEL = "-Onone";
			};
			name = Debug;
		};
		A9681DF71BBE9425005F6418 /* Release */ = {
			isa = XCBuildConfiguration;
			buildSettings = {
				ALWAYS_SEARCH_USER_PATHS = NO;
				CLANG_CXX_LANGUAGE_STANDARD = "gnu++0x";
				CLANG_CXX_LIBRARY = "libc++";
				CLANG_ENABLE_MODULES = YES;
				CLANG_ENABLE_OBJC_ARC = YES;
				CLANG_WARN_BOOL_CONVERSION = YES;
				CLANG_WARN_CONSTANT_CONVERSION = YES;
				CLANG_WARN_DIRECT_OBJC_ISA_USAGE = YES_ERROR;
				CLANG_WARN_EMPTY_BODY = YES;
				CLANG_WARN_ENUM_CONVERSION = YES;
				CLANG_WARN_INT_CONVERSION = YES;
				CLANG_WARN_OBJC_ROOT_CLASS = YES_ERROR;
				CLANG_WARN_UNREACHABLE_CODE = YES;
				CLANG_WARN__DUPLICATE_METHOD_MATCH = YES;
				"CODE_SIGN_IDENTITY[sdk=iphoneos*]" = "iPhone Developer";
				COPY_PHASE_STRIP = NO;
				DEBUG_INFORMATION_FORMAT = "dwarf-with-dsym";
				ENABLE_NS_ASSERTIONS = NO;
				ENABLE_STRICT_OBJC_MSGSEND = YES;
				GCC_C_LANGUAGE_STANDARD = gnu99;
				GCC_NO_COMMON_BLOCKS = YES;
				GCC_WARN_64_TO_32_BIT_CONVERSION = YES;
				GCC_WARN_ABOUT_RETURN_TYPE = YES_ERROR;
				GCC_WARN_UNDECLARED_SELECTOR = YES;
				GCC_WARN_UNINITIALIZED_AUTOS = YES_AGGRESSIVE;
				GCC_WARN_UNUSED_FUNCTION = YES;
				GCC_WARN_UNUSED_VARIABLE = YES;
				IPHONEOS_DEPLOYMENT_TARGET = 9.0;
				MTL_ENABLE_DEBUG_INFO = NO;
				SDKROOT = iphoneos;
				VALIDATE_PRODUCT = YES;
			};
			name = Release;
		};
		A9681DF91BBE9425005F6418 /* Debug */ = {
			isa = XCBuildConfiguration;
			buildSettings = {
				ASSETCATALOG_COMPILER_APPICON_NAME = AppIcon;
				INFOPLIST_FILE = OnTheMap/Info.plist;
				LD_RUNPATH_SEARCH_PATHS = "$(inherited) @executable_path/Frameworks";
				PRODUCT_BUNDLE_IDENTIFIER = com.ludocrous.OnTheMap;
				PRODUCT_NAME = "$(TARGET_NAME)";
			};
			name = Debug;
		};
		A9681DFA1BBE9425005F6418 /* Release */ = {
			isa = XCBuildConfiguration;
			buildSettings = {
				ASSETCATALOG_COMPILER_APPICON_NAME = AppIcon;
				INFOPLIST_FILE = OnTheMap/Info.plist;
				LD_RUNPATH_SEARCH_PATHS = "$(inherited) @executable_path/Frameworks";
				PRODUCT_BUNDLE_IDENTIFIER = com.ludocrous.OnTheMap;
				PRODUCT_NAME = "$(TARGET_NAME)";
			};
			name = Release;
		};
/* End XCBuildConfiguration section */

/* Begin XCConfigurationList section */
		A9681DDF1BBE9425005F6418 /* Build configuration list for PBXProject "OnTheMap" */ = {
			isa = XCConfigurationList;
			buildConfigurations = (
				A9681DF61BBE9425005F6418 /* Debug */,
				A9681DF71BBE9425005F6418 /* Release */,
			);
			defaultConfigurationIsVisible = 0;
			defaultConfigurationName = Release;
		};
		A9681DF81BBE9425005F6418 /* Build configuration list for PBXNativeTarget "OnTheMap" */ = {
			isa = XCConfigurationList;
			buildConfigurations = (
				A9681DF91BBE9425005F6418 /* Debug */,
				A9681DFA1BBE9425005F6418 /* Release */,
			);
			defaultConfigurationIsVisible = 0;
			defaultConfigurationName = Release;
		};
/* End XCConfigurationList section */
	};
	rootObject = A9681DDC1BBE9425005F6418 /* Project object */;
}
